
Microsoft Visual Studio Solution File, Format Version 12.00
# Visual Studio 14
VisualStudioVersion = 14.0.24720.0
MinimumVisualStudioVersion = 10.0.40219.1
Project("{FAE04EC0-301F-11D3-BF4B-00C04F79EFBC}") = "PolicyProjectManagementService", "PolicyProjectManagementService\PolicyProjectManagementService.csproj", "{C390C761-F104-407C-8EFB-66EA7C324A3A}"
EndProject
Project("{FAE04EC0-301F-11D3-BF4B-00C04F79EFBC}") = "PolicyProjectServiceHost", "PolicyProjectServiceHost\PolicyProjectServiceHost.csproj", "{83906252-C9B3-4A3D-BAB6-A18B54D6FE9E}"
EndProject
Project("{FAE04EC0-301F-11D3-BF4B-00C04F79EFBC}") = "PolicyProjectManagementClient", "PolicyProjectManagementClient\PolicyProjectManagementClient.csproj", "{76DC7313-36EA-4050-A528-14197929EA83}"
EndProject
Project("{FAE04EC0-301F-11D3-BF4B-00C04F79EFBC}") = "ServiceRealizationAtribute", "ServiceRealizationAtribute\ServiceRealizationAtribute.csproj", "{28B7A61A-D12E-4A4D-B51A-CB2503E39196}"
EndProject
Project("{FAE04EC0-301F-11D3-BF4B-00C04F79EFBC}") = "PpcServicePool", "PpcServicePool\PpcServicePool.csproj", "{85FBEA53-C026-451A-A340-326C51FE29B8}"
EndProject
Project("{FAE04EC0-301F-11D3-BF4B-00C04F79EFBC}") = "Logger", "Logger\Logger.csproj", "{B710947C-2B30-4091-89D4-591558975FA6}"
EndProject
Project("{FAE04EC0-301F-11D3-BF4B-00C04F79EFBC}") = "PpsClientChannelProxy", "PpsClientChannelPool\PpsClientChannelProxy.csproj", "{0074AB79-CB98-4D20-B0AF-BF488F318694}"
EndProject
Project("{FAE04EC0-301F-11D3-BF4B-00C04F79EFBC}") = "ServiceDefinitionInterface", "ServiceDefinitionInterface\ServiceDefinitionInterface.csproj", "{B8C7F8C2-5B2E-4F0E-8807-C3AF54F164CE}"
EndProject
Project("{FAE04EC0-301F-11D3-BF4B-00C04F79EFBC}") = "JsonWorker", "JsonWorker\JsonWorker.csproj", "{FC1F122D-2207-4C20-9DD7-0CE6DCD922F7}"
EndProject
Project("{FAE04EC0-301F-11D3-BF4B-00C04F79EFBC}") = "NotifyHelper", "NotifyHelper\NotifyHelper.csproj", "{2E564F7A-235F-4D2A-BF3E-A3B94B57AB90}"
EndProject
Project("{FAE04EC0-301F-11D3-BF4B-00C04F79EFBC}") = "TextBoxHelper", "TextBoxHelper\TextBoxHelper.csproj", "{23B8CC08-0562-4E4C-8E59-210F364961B9}"
EndProject
Project("{FAE04EC0-301F-11D3-BF4B-00C04F79EFBC}") = "RelayCommand", "RelayCommand\RelayCommand.csproj", "{5A2D6B10-B783-43B1-AF7C-E481158E0AA8}"
EndProject
Project("{FAE04EC0-301F-11D3-BF4B-00C04F79EFBC}") = "ServiceToster", "ServiceToster\ServiceToster.csproj", "{B4CF3A3F-489F-4143-9370-12F80554DEF2}"
EndProject
Project("{2150E333-8FDC-42A3-9474-1A3956D46DE8}") = "Server", "Server", "{F11F7191-744E-441E-B152-8A764BB7E495}"
EndProject
Project("{2150E333-8FDC-42A3-9474-1A3956D46DE8}") = "Test", "Test", "{F573B0F9-05CF-4DBA-8590-AF303F3CBBD8}"
EndProject
Project("{2150E333-8FDC-42A3-9474-1A3956D46DE8}") = "Client", "Client", "{47706A24-A81A-4274-8898-F1497718507A}"
EndProject
Global
	GlobalSection(SolutionConfigurationPlatforms) = preSolution
		Debug|Any CPU = Debug|Any CPU
		Debug|ARM = Debug|ARM
		Debug|x64 = Debug|x64
		Debug|x86 = Debug|x86
		Release|Any CPU = Release|Any CPU
		Release|ARM = Release|ARM
		Release|x64 = Release|x64
		Release|x86 = Release|x86
	EndGlobalSection
	GlobalSection(ProjectConfigurationPlatforms) = postSolution
		{C390C761-F104-407C-8EFB-66EA7C324A3A}.Debug|Any CPU.ActiveCfg = Debug|Any CPU
		{C390C761-F104-407C-8EFB-66EA7C324A3A}.Debug|Any CPU.Build.0 = Debug|Any CPU
		{C390C761-F104-407C-8EFB-66EA7C324A3A}.Debug|ARM.ActiveCfg = Debug|Any CPU
		{C390C761-F104-407C-8EFB-66EA7C324A3A}.Debug|ARM.Build.0 = Debug|Any CPU
		{C390C761-F104-407C-8EFB-66EA7C324A3A}.Debug|x64.ActiveCfg = Debug|Any CPU
		{C390C761-F104-407C-8EFB-66EA7C324A3A}.Debug|x64.Build.0 = Debug|Any CPU
		{C390C761-F104-407C-8EFB-66EA7C324A3A}.Debug|x86.ActiveCfg = Debug|Any CPU
		{C390C761-F104-407C-8EFB-66EA7C324A3A}.Debug|x86.Build.0 = Debug|Any CPU
		{C390C761-F104-407C-8EFB-66EA7C324A3A}.Release|Any CPU.ActiveCfg = Release|Any CPU
		{C390C761-F104-407C-8EFB-66EA7C324A3A}.Release|Any CPU.Build.0 = Release|Any CPU
		{C390C761-F104-407C-8EFB-66EA7C324A3A}.Release|ARM.ActiveCfg = Release|Any CPU
		{C390C761-F104-407C-8EFB-66EA7C324A3A}.Release|ARM.Build.0 = Release|Any CPU
		{C390C761-F104-407C-8EFB-66EA7C324A3A}.Release|x64.ActiveCfg = Release|Any CPU
		{C390C761-F104-407C-8EFB-66EA7C324A3A}.Release|x64.Build.0 = Release|Any CPU
		{C390C761-F104-407C-8EFB-66EA7C324A3A}.Release|x86.ActiveCfg = Release|Any CPU
		{C390C761-F104-407C-8EFB-66EA7C324A3A}.Release|x86.Build.0 = Release|Any CPU
		{83906252-C9B3-4A3D-BAB6-A18B54D6FE9E}.Debug|Any CPU.ActiveCfg = Debug|Any CPU
		{83906252-C9B3-4A3D-BAB6-A18B54D6FE9E}.Debug|Any CPU.Build.0 = Debug|Any CPU
		{83906252-C9B3-4A3D-BAB6-A18B54D6FE9E}.Debug|ARM.ActiveCfg = Debug|Any CPU
		{83906252-C9B3-4A3D-BAB6-A18B54D6FE9E}.Debug|ARM.Build.0 = Debug|Any CPU
		{83906252-C9B3-4A3D-BAB6-A18B54D6FE9E}.Debug|x64.ActiveCfg = Debug|Any CPU
		{83906252-C9B3-4A3D-BAB6-A18B54D6FE9E}.Debug|x64.Build.0 = Debug|Any CPU
		{83906252-C9B3-4A3D-BAB6-A18B54D6FE9E}.Debug|x86.ActiveCfg = Debug|Any CPU
		{83906252-C9B3-4A3D-BAB6-A18B54D6FE9E}.Debug|x86.Build.0 = Debug|Any CPU
		{83906252-C9B3-4A3D-BAB6-A18B54D6FE9E}.Release|Any CPU.ActiveCfg = Release|Any CPU
		{83906252-C9B3-4A3D-BAB6-A18B54D6FE9E}.Release|Any CPU.Build.0 = Release|Any CPU
		{83906252-C9B3-4A3D-BAB6-A18B54D6FE9E}.Release|ARM.ActiveCfg = Release|Any CPU
		{83906252-C9B3-4A3D-BAB6-A18B54D6FE9E}.Release|ARM.Build.0 = Release|Any CPU
		{83906252-C9B3-4A3D-BAB6-A18B54D6FE9E}.Release|x64.ActiveCfg = Release|Any CPU
		{83906252-C9B3-4A3D-BAB6-A18B54D6FE9E}.Release|x64.Build.0 = Release|Any CPU
		{83906252-C9B3-4A3D-BAB6-A18B54D6FE9E}.Release|x86.ActiveCfg = Release|Any CPU
		{83906252-C9B3-4A3D-BAB6-A18B54D6FE9E}.Release|x86.Build.0 = Release|Any CPU
		{76DC7313-36EA-4050-A528-14197929EA83}.Debug|Any CPU.ActiveCfg = Debug|Any CPU
		{76DC7313-36EA-4050-A528-14197929EA83}.Debug|Any CPU.Build.0 = Debug|Any CPU
		{76DC7313-36EA-4050-A528-14197929EA83}.Debug|ARM.ActiveCfg = Debug|Any CPU
		{76DC7313-36EA-4050-A528-14197929EA83}.Debug|ARM.Build.0 = Debug|Any CPU
		{76DC7313-36EA-4050-A528-14197929EA83}.Debug|x64.ActiveCfg = Debug|Any CPU
		{76DC7313-36EA-4050-A528-14197929EA83}.Debug|x64.Build.0 = Debug|Any CPU
		{76DC7313-36EA-4050-A528-14197929EA83}.Debug|x86.ActiveCfg = Debug|Any CPU
		{76DC7313-36EA-4050-A528-14197929EA83}.Debug|x86.Build.0 = Debug|Any CPU
		{76DC7313-36EA-4050-A528-14197929EA83}.Release|Any CPU.ActiveCfg = Release|Any CPU
		{76DC7313-36EA-4050-A528-14197929EA83}.Release|Any CPU.Build.0 = Release|Any CPU
		{76DC7313-36EA-4050-A528-14197929EA83}.Release|ARM.ActiveCfg = Release|Any CPU
		{76DC7313-36EA-4050-A528-14197929EA83}.Release|ARM.Build.0 = Release|Any CPU
		{76DC7313-36EA-4050-A528-14197929EA83}.Release|x64.ActiveCfg = Release|Any CPU
		{76DC7313-36EA-4050-A528-14197929EA83}.Release|x64.Build.0 = Release|Any CPU
		{76DC7313-36EA-4050-A528-14197929EA83}.Release|x86.ActiveCfg = Release|Any CPU
		{76DC7313-36EA-4050-A528-14197929EA83}.Release|x86.Build.0 = Release|Any CPU
		{28B7A61A-D12E-4A4D-B51A-CB2503E39196}.Debug|Any CPU.ActiveCfg = Debug|Any CPU
		{28B7A61A-D12E-4A4D-B51A-CB2503E39196}.Debug|Any CPU.Build.0 = Debug|Any CPU
		{28B7A61A-D12E-4A4D-B51A-CB2503E39196}.Debug|ARM.ActiveCfg = Debug|Any CPU
		{28B7A61A-D12E-4A4D-B51A-CB2503E39196}.Debug|ARM.Build.0 = Debug|Any CPU
		{28B7A61A-D12E-4A4D-B51A-CB2503E39196}.Debug|x64.ActiveCfg = Debug|Any CPU
		{28B7A61A-D12E-4A4D-B51A-CB2503E39196}.Debug|x64.Build.0 = Debug|Any CPU
		{28B7A61A-D12E-4A4D-B51A-CB2503E39196}.Debug|x86.ActiveCfg = Debug|Any CPU
		{28B7A61A-D12E-4A4D-B51A-CB2503E39196}.Debug|x86.Build.0 = Debug|Any CPU
		{28B7A61A-D12E-4A4D-B51A-CB2503E39196}.Release|Any CPU.ActiveCfg = Release|Any CPU
		{28B7A61A-D12E-4A4D-B51A-CB2503E39196}.Release|Any CPU.Build.0 = Release|Any CPU
		{28B7A61A-D12E-4A4D-B51A-CB2503E39196}.Release|ARM.ActiveCfg = Release|Any CPU
		{28B7A61A-D12E-4A4D-B51A-CB2503E39196}.Release|ARM.Build.0 = Release|Any CPU
		{28B7A61A-D12E-4A4D-B51A-CB2503E39196}.Release|x64.ActiveCfg = Release|Any CPU
		{28B7A61A-D12E-4A4D-B51A-CB2503E39196}.Release|x64.Build.0 = Release|Any CPU
		{28B7A61A-D12E-4A4D-B51A-CB2503E39196}.Release|x86.ActiveCfg = Release|Any CPU
		{28B7A61A-D12E-4A4D-B51A-CB2503E39196}.Release|x86.Build.0 = Release|Any CPU
		{85FBEA53-C026-451A-A340-326C51FE29B8}.Debug|Any CPU.ActiveCfg = Debug|Any CPU
		{85FBEA53-C026-451A-A340-326C51FE29B8}.Debug|Any CPU.Build.0 = Debug|Any CPU
		{85FBEA53-C026-451A-A340-326C51FE29B8}.Debug|ARM.ActiveCfg = Debug|Any CPU
		{85FBEA53-C026-451A-A340-326C51FE29B8}.Debug|ARM.Build.0 = Debug|Any CPU
		{85FBEA53-C026-451A-A340-326C51FE29B8}.Debug|x64.ActiveCfg = Debug|Any CPU
		{85FBEA53-C026-451A-A340-326C51FE29B8}.Debug|x64.Build.0 = Debug|Any CPU
		{85FBEA53-C026-451A-A340-326C51FE29B8}.Debug|x86.ActiveCfg = Debug|Any CPU
		{85FBEA53-C026-451A-A340-326C51FE29B8}.Debug|x86.Build.0 = Debug|Any CPU
		{85FBEA53-C026-451A-A340-326C51FE29B8}.Release|Any CPU.ActiveCfg = Release|Any CPU
		{85FBEA53-C026-451A-A340-326C51FE29B8}.Release|Any CPU.Build.0 = Release|Any CPU
		{85FBEA53-C026-451A-A340-326C51FE29B8}.Release|ARM.ActiveCfg = Release|Any CPU
		{85FBEA53-C026-451A-A340-326C51FE29B8}.Release|ARM.Build.0 = Release|Any CPU
		{85FBEA53-C026-451A-A340-326C51FE29B8}.Release|x64.ActiveCfg = Release|Any CPU
		{85FBEA53-C026-451A-A340-326C51FE29B8}.Release|x64.Build.0 = Release|Any CPU
		{85FBEA53-C026-451A-A340-326C51FE29B8}.Release|x86.ActiveCfg = Release|Any CPU
		{85FBEA53-C026-451A-A340-326C51FE29B8}.Release|x86.Build.0 = Release|Any CPU
		{B710947C-2B30-4091-89D4-591558975FA6}.Debug|Any CPU.ActiveCfg = Debug|Any CPU
		{B710947C-2B30-4091-89D4-591558975FA6}.Debug|Any CPU.Build.0 = Debug|Any CPU
		{B710947C-2B30-4091-89D4-591558975FA6}.Debug|ARM.ActiveCfg = Debug|Any CPU
		{B710947C-2B30-4091-89D4-591558975FA6}.Debug|ARM.Build.0 = Debug|Any CPU
		{B710947C-2B30-4091-89D4-591558975FA6}.Debug|x64.ActiveCfg = Debug|Any CPU
		{B710947C-2B30-4091-89D4-591558975FA6}.Debug|x64.Build.0 = Debug|Any CPU
		{B710947C-2B30-4091-89D4-591558975FA6}.Debug|x86.ActiveCfg = Debug|Any CPU
		{B710947C-2B30-4091-89D4-591558975FA6}.Debug|x86.Build.0 = Debug|Any CPU
		{B710947C-2B30-4091-89D4-591558975FA6}.Release|Any CPU.ActiveCfg = Release|Any CPU
		{B710947C-2B30-4091-89D4-591558975FA6}.Release|Any CPU.Build.0 = Release|Any CPU
		{B710947C-2B30-4091-89D4-591558975FA6}.Release|ARM.ActiveCfg = Release|Any CPU
		{B710947C-2B30-4091-89D4-591558975FA6}.Release|ARM.Build.0 = Release|Any CPU
		{B710947C-2B30-4091-89D4-591558975FA6}.Release|x64.ActiveCfg = Release|Any CPU
		{B710947C-2B30-4091-89D4-591558975FA6}.Release|x64.Build.0 = Release|Any CPU
		{B710947C-2B30-4091-89D4-591558975FA6}.Release|x86.ActiveCfg = Release|Any CPU
		{B710947C-2B30-4091-89D4-591558975FA6}.Release|x86.Build.0 = Release|Any CPU
		{0074AB79-CB98-4D20-B0AF-BF488F318694}.Debug|Any CPU.ActiveCfg = Debug|Any CPU
		{0074AB79-CB98-4D20-B0AF-BF488F318694}.Debug|Any CPU.Build.0 = Debug|Any CPU
		{0074AB79-CB98-4D20-B0AF-BF488F318694}.Debug|ARM.ActiveCfg = Debug|Any CPU
		{0074AB79-CB98-4D20-B0AF-BF488F318694}.Debug|ARM.Build.0 = Debug|Any CPU
		{0074AB79-CB98-4D20-B0AF-BF488F318694}.Debug|x64.ActiveCfg = Debug|Any CPU
		{0074AB79-CB98-4D20-B0AF-BF488F318694}.Debug|x64.Build.0 = Debug|Any CPU
		{0074AB79-CB98-4D20-B0AF-BF488F318694}.Debug|x86.ActiveCfg = Debug|Any CPU
		{0074AB79-CB98-4D20-B0AF-BF488F318694}.Debug|x86.Build.0 = Debug|Any CPU
		{0074AB79-CB98-4D20-B0AF-BF488F318694}.Release|Any CPU.ActiveCfg = Release|Any CPU
		{0074AB79-CB98-4D20-B0AF-BF488F318694}.Release|Any CPU.Build.0 = Release|Any CPU
		{0074AB79-CB98-4D20-B0AF-BF488F318694}.Release|ARM.ActiveCfg = Release|Any CPU
		{0074AB79-CB98-4D20-B0AF-BF488F318694}.Release|ARM.Build.0 = Release|Any CPU
		{0074AB79-CB98-4D20-B0AF-BF488F318694}.Release|x64.ActiveCfg = Release|Any CPU
		{0074AB79-CB98-4D20-B0AF-BF488F318694}.Release|x64.Build.0 = Release|Any CPU
		{0074AB79-CB98-4D20-B0AF-BF488F318694}.Release|x86.ActiveCfg = Release|Any CPU
		{0074AB79-CB98-4D20-B0AF-BF488F318694}.Release|x86.Build.0 = Release|Any CPU
		{B8C7F8C2-5B2E-4F0E-8807-C3AF54F164CE}.Debug|Any CPU.ActiveCfg = Debug|Any CPU
		{B8C7F8C2-5B2E-4F0E-8807-C3AF54F164CE}.Debug|Any CPU.Build.0 = Debug|Any CPU
		{B8C7F8C2-5B2E-4F0E-8807-C3AF54F164CE}.Debug|ARM.ActiveCfg = Debug|Any CPU
		{B8C7F8C2-5B2E-4F0E-8807-C3AF54F164CE}.Debug|ARM.Build.0 = Debug|Any CPU
		{B8C7F8C2-5B2E-4F0E-8807-C3AF54F164CE}.Debug|x64.ActiveCfg = Debug|Any CPU
		{B8C7F8C2-5B2E-4F0E-8807-C3AF54F164CE}.Debug|x64.Build.0 = Debug|Any CPU
		{B8C7F8C2-5B2E-4F0E-8807-C3AF54F164CE}.Debug|x86.ActiveCfg = Debug|Any CPU
		{B8C7F8C2-5B2E-4F0E-8807-C3AF54F164CE}.Debug|x86.Build.0 = Debug|Any CPU
		{B8C7F8C2-5B2E-4F0E-8807-C3AF54F164CE}.Release|Any CPU.ActiveCfg = Release|Any CPU
		{B8C7F8C2-5B2E-4F0E-8807-C3AF54F164CE}.Release|Any CPU.Build.0 = Release|Any CPU
		{B8C7F8C2-5B2E-4F0E-8807-C3AF54F164CE}.Release|ARM.ActiveCfg = Release|Any CPU
		{B8C7F8C2-5B2E-4F0E-8807-C3AF54F164CE}.Release|ARM.Build.0 = Release|Any CPU
		{B8C7F8C2-5B2E-4F0E-8807-C3AF54F164CE}.Release|x64.ActiveCfg = Release|Any CPU
		{B8C7F8C2-5B2E-4F0E-8807-C3AF54F164CE}.Release|x64.Build.0 = Release|Any CPU
		{B8C7F8C2-5B2E-4F0E-8807-C3AF54F164CE}.Release|x86.ActiveCfg = Release|Any CPU
		{B8C7F8C2-5B2E-4F0E-8807-C3AF54F164CE}.Release|x86.Build.0 = Release|Any CPU
		{FC1F122D-2207-4C20-9DD7-0CE6DCD922F7}.Debug|Any CPU.ActiveCfg = Debug|Any CPU
		{FC1F122D-2207-4C20-9DD7-0CE6DCD922F7}.Debug|Any CPU.Build.0 = Debug|Any CPU
		{FC1F122D-2207-4C20-9DD7-0CE6DCD922F7}.Debug|ARM.ActiveCfg = Debug|Any CPU
		{FC1F122D-2207-4C20-9DD7-0CE6DCD922F7}.Debug|ARM.Build.0 = Debug|Any CPU
		{FC1F122D-2207-4C20-9DD7-0CE6DCD922F7}.Debug|x64.ActiveCfg = Debug|Any CPU
		{FC1F122D-2207-4C20-9DD7-0CE6DCD922F7}.Debug|x64.Build.0 = Debug|Any CPU
		{FC1F122D-2207-4C20-9DD7-0CE6DCD922F7}.Debug|x86.ActiveCfg = Debug|Any CPU
		{FC1F122D-2207-4C20-9DD7-0CE6DCD922F7}.Debug|x86.Build.0 = Debug|Any CPU
		{FC1F122D-2207-4C20-9DD7-0CE6DCD922F7}.Release|Any CPU.ActiveCfg = Release|Any CPU
		{FC1F122D-2207-4C20-9DD7-0CE6DCD922F7}.Release|Any CPU.Build.0 = Release|Any CPU
		{FC1F122D-2207-4C20-9DD7-0CE6DCD922F7}.Release|ARM.ActiveCfg = Release|Any CPU
		{FC1F122D-2207-4C20-9DD7-0CE6DCD922F7}.Release|ARM.Build.0 = Release|Any CPU
		{FC1F122D-2207-4C20-9DD7-0CE6DCD922F7}.Release|x64.ActiveCfg = Release|Any CPU
		{FC1F122D-2207-4C20-9DD7-0CE6DCD922F7}.Release|x64.Build.0 = Release|Any CPU
		{FC1F122D-2207-4C20-9DD7-0CE6DCD922F7}.Release|x86.ActiveCfg = Release|Any CPU
		{FC1F122D-2207-4C20-9DD7-0CE6DCD922F7}.Release|x86.Build.0 = Release|Any CPU
		{2E564F7A-235F-4D2A-BF3E-A3B94B57AB90}.Debug|Any CPU.ActiveCfg = Debug|Any CPU
		{2E564F7A-235F-4D2A-BF3E-A3B94B57AB90}.Debug|Any CPU.Build.0 = Debug|Any CPU
		{2E564F7A-235F-4D2A-BF3E-A3B94B57AB90}.Debug|ARM.ActiveCfg = Debug|Any CPU
		{2E564F7A-235F-4D2A-BF3E-A3B94B57AB90}.Debug|ARM.Build.0 = Debug|Any CPU
		{2E564F7A-235F-4D2A-BF3E-A3B94B57AB90}.Debug|x64.ActiveCfg = Debug|Any CPU
		{2E564F7A-235F-4D2A-BF3E-A3B94B57AB90}.Debug|x64.Build.0 = Debug|Any CPU
		{2E564F7A-235F-4D2A-BF3E-A3B94B57AB90}.Debug|x86.ActiveCfg = Debug|Any CPU
		{2E564F7A-235F-4D2A-BF3E-A3B94B57AB90}.Debug|x86.Build.0 = Debug|Any CPU
		{2E564F7A-235F-4D2A-BF3E-A3B94B57AB90}.Release|Any CPU.ActiveCfg = Release|Any CPU
		{2E564F7A-235F-4D2A-BF3E-A3B94B57AB90}.Release|Any CPU.Build.0 = Release|Any CPU
		{2E564F7A-235F-4D2A-BF3E-A3B94B57AB90}.Release|ARM.ActiveCfg = Release|Any CPU
		{2E564F7A-235F-4D2A-BF3E-A3B94B57AB90}.Release|ARM.Build.0 = Release|Any CPU
		{2E564F7A-235F-4D2A-BF3E-A3B94B57AB90}.Release|x64.ActiveCfg = Release|Any CPU
		{2E564F7A-235F-4D2A-BF3E-A3B94B57AB90}.Release|x64.Build.0 = Release|Any CPU
		{2E564F7A-235F-4D2A-BF3E-A3B94B57AB90}.Release|x86.ActiveCfg = Release|Any CPU
		{2E564F7A-235F-4D2A-BF3E-A3B94B57AB90}.Release|x86.Build.0 = Release|Any CPU
		{23B8CC08-0562-4E4C-8E59-210F364961B9}.Debug|Any CPU.ActiveCfg = Debug|Any CPU
		{23B8CC08-0562-4E4C-8E59-210F364961B9}.Debug|Any CPU.Build.0 = Debug|Any CPU
		{23B8CC08-0562-4E4C-8E59-210F364961B9}.Debug|ARM.ActiveCfg = Debug|Any CPU
		{23B8CC08-0562-4E4C-8E59-210F364961B9}.Debug|ARM.Build.0 = Debug|Any CPU
		{23B8CC08-0562-4E4C-8E59-210F364961B9}.Debug|x64.ActiveCfg = Debug|Any CPU
		{23B8CC08-0562-4E4C-8E59-210F364961B9}.Debug|x64.Build.0 = Debug|Any CPU
		{23B8CC08-0562-4E4C-8E59-210F364961B9}.Debug|x86.ActiveCfg = Debug|Any CPU
		{23B8CC08-0562-4E4C-8E59-210F364961B9}.Debug|x86.Build.0 = Debug|Any CPU
		{23B8CC08-0562-4E4C-8E59-210F364961B9}.Release|Any CPU.ActiveCfg = Release|Any CPU
		{23B8CC08-0562-4E4C-8E59-210F364961B9}.Release|Any CPU.Build.0 = Release|Any CPU
		{23B8CC08-0562-4E4C-8E59-210F364961B9}.Release|ARM.ActiveCfg = Release|Any CPU
		{23B8CC08-0562-4E4C-8E59-210F364961B9}.Release|ARM.Build.0 = Release|Any CPU
		{23B8CC08-0562-4E4C-8E59-210F364961B9}.Release|x64.ActiveCfg = Release|Any CPU
		{23B8CC08-0562-4E4C-8E59-210F364961B9}.Release|x64.Build.0 = Release|Any CPU
		{23B8CC08-0562-4E4C-8E59-210F364961B9}.Release|x86.ActiveCfg = Release|Any CPU
		{23B8CC08-0562-4E4C-8E59-210F364961B9}.Release|x86.Build.0 = Release|Any CPU
		{5A2D6B10-B783-43B1-AF7C-E481158E0AA8}.Debug|Any CPU.ActiveCfg = Debug|Any CPU
		{5A2D6B10-B783-43B1-AF7C-E481158E0AA8}.Debug|Any CPU.Build.0 = Debug|Any CPU
		{5A2D6B10-B783-43B1-AF7C-E481158E0AA8}.Debug|ARM.ActiveCfg = Debug|Any CPU
		{5A2D6B10-B783-43B1-AF7C-E481158E0AA8}.Debug|ARM.Build.0 = Debug|Any CPU
		{5A2D6B10-B783-43B1-AF7C-E481158E0AA8}.Debug|x64.ActiveCfg = Debug|Any CPU
		{5A2D6B10-B783-43B1-AF7C-E481158E0AA8}.Debug|x64.Build.0 = Debug|Any CPU
		{5A2D6B10-B783-43B1-AF7C-E481158E0AA8}.Debug|x86.ActiveCfg = Debug|Any CPU
		{5A2D6B10-B783-43B1-AF7C-E481158E0AA8}.Debug|x86.Build.0 = Debug|Any CPU
		{5A2D6B10-B783-43B1-AF7C-E481158E0AA8}.Release|Any CPU.ActiveCfg = Release|Any CPU
		{5A2D6B10-B783-43B1-AF7C-E481158E0AA8}.Release|Any CPU.Build.0 = Release|Any CPU
		{5A2D6B10-B783-43B1-AF7C-E481158E0AA8}.Release|ARM.ActiveCfg = Release|Any CPU
		{5A2D6B10-B783-43B1-AF7C-E481158E0AA8}.Release|ARM.Build.0 = Release|Any CPU
		{5A2D6B10-B783-43B1-AF7C-E481158E0AA8}.Release|x64.ActiveCfg = Release|Any CPU
		{5A2D6B10-B783-43B1-AF7C-E481158E0AA8}.Release|x64.Build.0 = Release|Any CPU
		{5A2D6B10-B783-43B1-AF7C-E481158E0AA8}.Release|x86.ActiveCfg = Release|Any CPU
		{5A2D6B10-B783-43B1-AF7C-E481158E0AA8}.Release|x86.Build.0 = Release|Any CPU
		{B4CF3A3F-489F-4143-9370-12F80554DEF2}.Debug|Any CPU.ActiveCfg = Debug|Any CPU
		{B4CF3A3F-489F-4143-9370-12F80554DEF2}.Debug|Any CPU.Build.0 = Debug|Any CPU
		{B4CF3A3F-489F-4143-9370-12F80554DEF2}.Debug|ARM.ActiveCfg = Debug|Any CPU
		{B4CF3A3F-489F-4143-9370-12F80554DEF2}.Debug|ARM.Build.0 = Debug|Any CPU
		{B4CF3A3F-489F-4143-9370-12F80554DEF2}.Debug|x64.ActiveCfg = Debug|Any CPU
		{B4CF3A3F-489F-4143-9370-12F80554DEF2}.Debug|x64.Build.0 = Debug|Any CPU
		{B4CF3A3F-489F-4143-9370-12F80554DEF2}.Debug|x86.ActiveCfg = Debug|Any CPU
		{B4CF3A3F-489F-4143-9370-12F80554DEF2}.Debug|x86.Build.0 = Debug|Any CPU
		{B4CF3A3F-489F-4143-9370-12F80554DEF2}.Release|Any CPU.ActiveCfg = Release|Any CPU
		{B4CF3A3F-489F-4143-9370-12F80554DEF2}.Release|Any CPU.Build.0 = Release|Any CPU
		{B4CF3A3F-489F-4143-9370-12F80554DEF2}.Release|ARM.ActiveCfg = Release|Any CPU
		{B4CF3A3F-489F-4143-9370-12F80554DEF2}.Release|ARM.Build.0 = Release|Any CPU
		{B4CF3A3F-489F-4143-9370-12F80554DEF2}.Release|x64.ActiveCfg = Release|Any CPU
		{B4CF3A3F-489F-4143-9370-12F80554DEF2}.Release|x64.Build.0 = Release|Any CPU
		{B4CF3A3F-489F-4143-9370-12F80554DEF2}.Release|x86.ActiveCfg = Release|Any CPU
		{B4CF3A3F-489F-4143-9370-12F80554DEF2}.Release|x86.Build.0 = Release|Any CPU
	EndGlobalSection
	GlobalSection(SolutionProperties) = preSolution
		HideSolutionNode = FALSE
	EndGlobalSection
	GlobalSection(NestedProjects) = preSolution
		{C390C761-F104-407C-8EFB-66EA7C324A3A} = {F11F7191-744E-441E-B152-8A764BB7E495}
		{83906252-C9B3-4A3D-BAB6-A18B54D6FE9E} = {F11F7191-744E-441E-B152-8A764BB7E495}
		{76DC7313-36EA-4050-A528-14197929EA83} = {47706A24-A81A-4274-8898-F1497718507A}
		{28B7A61A-D12E-4A4D-B51A-CB2503E39196} = {F11F7191-744E-441E-B152-8A764BB7E495}
		{85FBEA53-C026-451A-A340-326C51FE29B8} = {F11F7191-744E-441E-B152-8A764BB7E495}
		{0074AB79-CB98-4D20-B0AF-BF488F318694} = {47706A24-A81A-4274-8898-F1497718507A}
		{B8C7F8C2-5B2E-4F0E-8807-C3AF54F164CE} = {F11F7191-744E-441E-B152-8A764BB7E495}
		{FC1F122D-2207-4C20-9DD7-0CE6DCD922F7} = {F11F7191-744E-441E-B152-8A764BB7E495}
		{2E564F7A-235F-4D2A-BF3E-A3B94B57AB90} = {47706A24-A81A-4274-8898-F1497718507A}
		{23B8CC08-0562-4E4C-8E59-210F364961B9} = {47706A24-A81A-4274-8898-F1497718507A}
		{5A2D6B10-B783-43B1-AF7C-E481158E0AA8} = {47706A24-A81A-4274-8898-F1497718507A}
		{B4CF3A3F-489F-4143-9370-12F80554DEF2} = {F573B0F9-05CF-4DBA-8590-AF303F3CBBD8}
	EndGlobalSection
EndGlobal
